Microsoft Visual Studio Solution File, Format Version 12.00
# Visual Studio 15
Project("{8BC9CEB8-8B4A-11D0-8D11-00A0C91BC942}") = "ALL_BUILD", "ALL_BUILD.vcxproj", "{F594E843-581F-342A-B71C-DE856650CD06}"
	ProjectSection(ProjectDependencies) = postProject
		{B616079E-3B68-3CEC-BFED-70ED708EC78E} = {B616079E-3B68-3CEC-BFED-70ED708EC78E}
		{EA5CC949-1499-3170-AFA0-5C9035D913B4} = {EA5CC949-1499-3170-AFA0-5C9035D913B4}
		{9FC61A6E-F0D7-3E47-98C6-8CB73258BD53} = {9FC61A6E-F0D7-3E47-98C6-8CB73258BD53}
		{1DB4F3F8-83F7-39AD-98D3-92FBEB06A59B} = {1DB4F3F8-83F7-39AD-98D3-92FBEB06A59B}
		{0168F892-B246-3D59-990E-E5BBD479E6DE} = {0168F892-B246-3D59-990E-E5BBD479E6DE}
		{A5556D12-C03D-36FC-9D35-A6A5201F544A} = {A5556D12-C03D-36FC-9D35-A6A5201F544A}
		{FAEE33CA-C235-3ABE-A7BB-B9F27AC90D86} = {FAEE33CA-C235-3ABE-A7BB-B9F27AC90D86}
		{7946128E-2D59-3DFA-B905-B56098BCDC09} = {7946128E-2D59-3DFA-B905-B56098BCDC09}
		{2ED79DF9-D310-349E-81F2-D8A435390EE2} = {2ED79DF9-D310-349E-81F2-D8A435390EE2}
		{E11A9C8C-7BAD-323C-A897-91A10D7295AF} = {E11A9C8C-7BAD-323C-A897-91A10D7295AF}
		{633EC7BD-1517-3E78-84B6-7DE0BD29C0D6} = {633EC7BD-1517-3E78-84B6-7DE0BD29C0D6}
		{67913F6A-25F8-35FF-9D72-1AF34D7BD3BE} = {67913F6A-25F8-35FF-9D72-1AF34D7BD3BE}
		{759ACE2C-DB95-398C-BBA2-2B65EFEFE333} = {759ACE2C-DB95-398C-BBA2-2B65EFEFE333}
		{73A90D37-D8C3-37AB-85AF-10CB17E34439} = {73A90D37-D8C3-37AB-85AF-10CB17E34439}
		{6024E60C-7255-3D72-A4E3-C2BEAB21220A} = {6024E60C-7255-3D72-A4E3-C2BEAB21220A}
		{F2E2B24E-6115-3263-8DFF-DBF2A5B4FE89} = {F2E2B24E-6115-3263-8DFF-DBF2A5B4FE89}
		{CEEAE93B-E4DE-3F76-83CF-EA2F9DED3A46} = {CEEAE93B-E4DE-3F76-83CF-EA2F9DED3A46}
		{ADC3E9E9-B786-38CB-B836-257BB9279DEA} = {ADC3E9E9-B786-38CB-B836-257BB9279DEA}
	EndProjectSection
EndProject
Project("{8BC9CEB8-8B4A-11D0-8D11-00A0C91BC942}") = "CMP_Core", "..\..\extern\CMP_Core\CMP_Core.vcxproj", "{9C758BAB-A2A8-3734-975C-D41EB05BC328}"
	ProjectSection(ProjectDependencies) = postProject
		{B616079E-3B68-3CEC-BFED-70ED708EC78E} = {B616079E-3B68-3CEC-BFED-70ED708EC78E}
	EndProjectSection
EndProject
Project("{8BC9CEB8-8B4A-11D0-8D11-00A0C91BC942}") = "INSTALL", "INSTALL.vcxproj", "{073CA51E-8661-3A19-BC0F-ABBBDCA0AC30}"
	ProjectSection(ProjectDependencies) = postProject
		{F594E843-581F-342A-B71C-DE856650CD06} = {F594E843-581F-342A-B71C-DE856650CD06}
		{B616079E-3B68-3CEC-BFED-70ED708EC78E} = {B616079E-3B68-3CEC-BFED-70ED708EC78E}
	EndProjectSection
EndProject
Project("{8BC9CEB8-8B4A-11D0-8D11-00A0C91BC942}") = "PACKAGE", "PACKAGE.vcxproj", "{20DFF80C-C77F-3ECB-8953-2D015E740E0E}"
	ProjectSection(ProjectDependencies) = postProject
		{F594E843-581F-342A-B71C-DE856650CD06} = {F594E843-581F-342A-B71C-DE856650CD06}
		{B616079E-3B68-3CEC-BFED-70ED708EC78E} = {B616079E-3B68-3CEC-BFED-70ED708EC78E}
	EndProjectSection
EndProject
Project("{8BC9CEB8-8B4A-11D0-8D11-00A0C91BC942}") = "RUN_TESTS", "RUN_TESTS.vcxproj", "{F768BBE2-E56B-32F8-B28F-2A9B2CFDE7E2}"
	ProjectSection(ProjectDependencies) = postProject
		{B616079E-3B68-3CEC-BFED-70ED708EC78E} = {B616079E-3B68-3CEC-BFED-70ED708EC78E}
	EndProjectSection
EndProject
Project("{8BC9CEB8-8B4A-11D0-8D11-00A0C91BC942}") = "ZERO_CHECK", "..\..\\ZERO_CHECK.vcxproj", "{B616079E-3B68-3CEC-BFED-70ED708EC78E}"
	ProjectSection(ProjectDependencies) = postProject
	EndProjectSection
EndProject
Project("{8BC9CEB8-8B4A-11D0-8D11-00A0C91BC942}") = "bc1enc", "tests\bc1enc.vcxproj", "{EA5CC949-1499-3170-AFA0-5C9035D913B4}"
	ProjectSection(ProjectDependencies) = postProject
		{9C758BAB-A2A8-3734-975C-D41EB05BC328} = {9C758BAB-A2A8-3734-975C-D41EB05BC328}
		{B616079E-3B68-3CEC-BFED-70ED708EC78E} = {B616079E-3B68-3CEC-BFED-70ED708EC78E}
		{8ABE3E75-A1E6-376E-9892-27335ACAC64E} = {8ABE3E75-A1E6-376E-9892-27335ACAC64E}
		{0D4B0833-332B-3CB4-95CA-20AAE3069C56} = {0D4B0833-332B-3CB4-95CA-20AAE3069C56}
		{7B369830-B60D-356D-9C4B-FB1D67E5E2B5} = {7B369830-B60D-356D-9C4B-FB1D67E5E2B5}
		{E3013308-62A8-3472-8D36-55456823E38C} = {E3013308-62A8-3472-8D36-55456823E38C}
		{2E1454CD-4521-3B2D-85C0-619EC0D65271} = {2E1454CD-4521-3B2D-85C0-619EC0D65271}
		{AC6B8E4E-D7C9-3541-B05B-F763012D306E} = {AC6B8E4E-D7C9-3541-B05B-F763012D306E}
		{93DC0BA8-3251-33ED-872B-84D57349A1E1} = {93DC0BA8-3251-33ED-872B-84D57349A1E1}
	EndProjectSection
EndProject
Project("{8BC9CEB8-8B4A-11D0-8D11-00A0C91BC942}") = "bc6h", "..\bc6h\bc6h.vcxproj", "{8ABE3E75-A1E6-376E-9892-27335ACAC64E}"
	ProjectSection(ProjectDependencies) = postProject
		{B616079E-3B68-3CEC-BFED-70ED708EC78E} = {B616079E-3B68-3CEC-BFED-70ED708EC78E}
		{7B369830-B60D-356D-9C4B-FB1D67E5E2B5} = {7B369830-B60D-356D-9C4B-FB1D67E5E2B5}
		{2E1454CD-4521-3B2D-85C0-619EC0D65271} = {2E1454CD-4521-3B2D-85C0-619EC0D65271}
	EndProjectSection
EndProject
Project("{8BC9CEB8-8B4A-11D0-8D11-00A0C91BC942}") = "bc7", "..\bc7\bc7.vcxproj", "{0D4B0833-332B-3CB4-95CA-20AAE3069C56}"
	ProjectSection(ProjectDependencies) = postProject
		{B616079E-3B68-3CEC-BFED-70ED708EC78E} = {B616079E-3B68-3CEC-BFED-70ED708EC78E}
		{7B369830-B60D-356D-9C4B-FB1D67E5E2B5} = {7B369830-B60D-356D-9C4B-FB1D67E5E2B5}
		{2E1454CD-4521-3B2D-85C0-619EC0D65271} = {2E1454CD-4521-3B2D-85C0-619EC0D65271}
	EndProjectSection
EndProject
Project("{8BC9CEB8-8B4A-11D0-8D11-00A0C91BC942}") = "cubemaptest", "tests\cubemaptest.vcxproj", "{9FC61A6E-F0D7-3E47-98C6-8CB73258BD53}"
	ProjectSection(ProjectDependencies) = postProject
		{B616079E-3B68-3CEC-BFED-70ED708EC78E} = {B616079E-3B68-3CEC-BFED-70ED708EC78E}
		{8ABE3E75-A1E6-376E-9892-27335ACAC64E} = {8ABE3E75-A1E6-376E-9892-27335ACAC64E}
		{0D4B0833-332B-3CB4-95CA-20AAE3069C56} = {0D4B0833-332B-3CB4-95CA-20AAE3069C56}
		{7B369830-B60D-356D-9C4B-FB1D67E5E2B5} = {7B369830-B60D-356D-9C4B-FB1D67E5E2B5}
		{E3013308-62A8-3472-8D36-55456823E38C} = {E3013308-62A8-3472-8D36-55456823E38C}
		{2E1454CD-4521-3B2D-85C0-619EC0D65271} = {2E1454CD-4521-3B2D-85C0-619EC0D65271}
		{73A90D37-D8C3-37AB-85AF-10CB17E34439} = {73A90D37-D8C3-37AB-85AF-10CB17E34439}
		{6C3CD190-DB5A-3F57-B276-D0D4E9DB91A7} = {6C3CD190-DB5A-3F57-B276-D0D4E9DB91A7}
		{F2E2B24E-6115-3263-8DFF-DBF2A5B4FE89} = {F2E2B24E-6115-3263-8DFF-DBF2A5B4FE89}
		{AC6B8E4E-D7C9-3541-B05B-F763012D306E} = {AC6B8E4E-D7C9-3541-B05B-F763012D306E}
		{D05185D8-96A8-3FDA-85F1-888DC3BF38C1} = {D05185D8-96A8-3FDA-85F1-888DC3BF38C1}
	EndProjectSection
EndProject
Project("{8BC9CEB8-8B4A-11D0-8D11-00A0C91BC942}") = "driverapitest", "tests\driverapitest.vcxproj", "{1DB4F3F8-83F7-39AD-98D3-92FBEB06A59B}"
	ProjectSection(ProjectDependencies) = postProject
		{B616079E-3B68-3CEC-BFED-70ED708EC78E} = {B616079E-3B68-3CEC-BFED-70ED708EC78E}
		{8ABE3E75-A1E6-376E-9892-27335ACAC64E} = {8ABE3E75-A1E6-376E-9892-27335ACAC64E}
		{0D4B0833-332B-3CB4-95CA-20AAE3069C56} = {0D4B0833-332B-3CB4-95CA-20AAE3069C56}
		{7B369830-B60D-356D-9C4B-FB1D67E5E2B5} = {7B369830-B60D-356D-9C4B-FB1D67E5E2B5}
		{E3013308-62A8-3472-8D36-55456823E38C} = {E3013308-62A8-3472-8D36-55456823E38C}
		{2E1454CD-4521-3B2D-85C0-619EC0D65271} = {2E1454CD-4521-3B2D-85C0-619EC0D65271}
		{73A90D37-D8C3-37AB-85AF-10CB17E34439} = {73A90D37-D8C3-37AB-85AF-10CB17E34439}
		{6C3CD190-DB5A-3F57-B276-D0D4E9DB91A7} = {6C3CD190-DB5A-3F57-B276-D0D4E9DB91A7}
		{F2E2B24E-6115-3263-8DFF-DBF2A5B4FE89} = {F2E2B24E-6115-3263-8DFF-DBF2A5B4FE89}
		{AC6B8E4E-D7C9-3541-B05B-F763012D306E} = {AC6B8E4E-D7C9-3541-B05B-F763012D306E}
		{D05185D8-96A8-3FDA-85F1-888DC3BF38C1} = {D05185D8-96A8-3FDA-85F1-888DC3BF38C1}
	EndProjectSection
EndProject
Project("{8BC9CEB8-8B4A-11D0-8D11-00A0C91BC942}") = "filtertest", "tests\filtertest.vcxproj", "{0168F892-B246-3D59-990E-E5BBD479E6DE}"
	ProjectSection(ProjectDependencies) = postProject
		{B616079E-3B68-3CEC-BFED-70ED708EC78E} = {B616079E-3B68-3CEC-BFED-70ED708EC78E}
		{8ABE3E75-A1E6-376E-9892-27335ACAC64E} = {8ABE3E75-A1E6-376E-9892-27335ACAC64E}
		{0D4B0833-332B-3CB4-95CA-20AAE3069C56} = {0D4B0833-332B-3CB4-95CA-20AAE3069C56}
		{7B369830-B60D-356D-9C4B-FB1D67E5E2B5} = {7B369830-B60D-356D-9C4B-FB1D67E5E2B5}
		{E3013308-62A8-3472-8D36-55456823E38C} = {E3013308-62A8-3472-8D36-55456823E38C}
		{2E1454CD-4521-3B2D-85C0-619EC0D65271} = {2E1454CD-4521-3B2D-85C0-619EC0D65271}
		{73A90D37-D8C3-37AB-85AF-10CB17E34439} = {73A90D37-D8C3-37AB-85AF-10CB17E34439}
		{6C3CD190-DB5A-3F57-B276-D0D4E9DB91A7} = {6C3CD190-DB5A-3F57-B276-D0D4E9DB91A7}
		{F2E2B24E-6115-3263-8DFF-DBF2A5B4FE89} = {F2E2B24E-6115-3263-8DFF-DBF2A5B4FE89}
		{AC6B8E4E-D7C9-3541-B05B-F763012D306E} = {AC6B8E4E-D7C9-3541-B05B-F763012D306E}
		{D05185D8-96A8-3FDA-85F1-888DC3BF38C1} = {D05185D8-96A8-3FDA-85F1-888DC3BF38C1}
	EndProjectSection
EndProject
Project("{8BC9CEB8-8B4A-11D0-8D11-00A0C91BC942}") = "imperativeapi", "tests\imperativeapi.vcxproj", "{A5556D12-C03D-36FC-9D35-A6A5201F544A}"
	ProjectSection(ProjectDependencies) = postProject
		{B616079E-3B68-3CEC-BFED-70ED708EC78E} = {B616079E-3B68-3CEC-BFED-70ED708EC78E}
		{8ABE3E75-A1E6-376E-9892-27335ACAC64E} = {8ABE3E75-A1E6-376E-9892-27335ACAC64E}
		{0D4B0833-332B-3CB4-95CA-20AAE3069C56} = {0D4B0833-332B-3CB4-95CA-20AAE3069C56}
		{7B369830-B60D-356D-9C4B-FB1D67E5E2B5} = {7B369830-B60D-356D-9C4B-FB1D67E5E2B5}
		{E3013308-62A8-3472-8D36-55456823E38C} = {E3013308-62A8-3472-8D36-55456823E38C}
		{2E1454CD-4521-3B2D-85C0-619EC0D65271} = {2E1454CD-4521-3B2D-85C0-619EC0D65271}
		{73A90D37-D8C3-37AB-85AF-10CB17E34439} = {73A90D37-D8C3-37AB-85AF-10CB17E34439}
		{6C3CD190-DB5A-3F57-B276-D0D4E9DB91A7} = {6C3CD190-DB5A-3F57-B276-D0D4E9DB91A7}
		{F2E2B24E-6115-3263-8DFF-DBF2A5B4FE89} = {F2E2B24E-6115-3263-8DFF-DBF2A5B4FE89}
		{AC6B8E4E-D7C9-3541-B05B-F763012D306E} = {AC6B8E4E-D7C9-3541-B05B-F763012D306E}
		{D05185D8-96A8-3FDA-85F1-888DC3BF38C1} = {D05185D8-96A8-3FDA-85F1-888DC3BF38C1}
	EndProjectSection
EndProject
Project("{8BC9CEB8-8B4A-11D0-8D11-00A0C91BC942}") = "nv-gnome-thumbnailer", "tools\nv-gnome-thumbnailer.vcxproj", "{FAEE33CA-C235-3ABE-A7BB-B9F27AC90D86}"
	ProjectSection(ProjectDependencies) = postProject
		{B616079E-3B68-3CEC-BFED-70ED708EC78E} = {B616079E-3B68-3CEC-BFED-70ED708EC78E}
		{8ABE3E75-A1E6-376E-9892-27335ACAC64E} = {8ABE3E75-A1E6-376E-9892-27335ACAC64E}
		{0D4B0833-332B-3CB4-95CA-20AAE3069C56} = {0D4B0833-332B-3CB4-95CA-20AAE3069C56}
		{7B369830-B60D-356D-9C4B-FB1D67E5E2B5} = {7B369830-B60D-356D-9C4B-FB1D67E5E2B5}
		{E3013308-62A8-3472-8D36-55456823E38C} = {E3013308-62A8-3472-8D36-55456823E38C}
		{2E1454CD-4521-3B2D-85C0-619EC0D65271} = {2E1454CD-4521-3B2D-85C0-619EC0D65271}
		{73A90D37-D8C3-37AB-85AF-10CB17E34439} = {73A90D37-D8C3-37AB-85AF-10CB17E34439}
		{6C3CD190-DB5A-3F57-B276-D0D4E9DB91A7} = {6C3CD190-DB5A-3F57-B276-D0D4E9DB91A7}
		{F2E2B24E-6115-3263-8DFF-DBF2A5B4FE89} = {F2E2B24E-6115-3263-8DFF-DBF2A5B4FE89}
		{AC6B8E4E-D7C9-3541-B05B-F763012D306E} = {AC6B8E4E-D7C9-3541-B05B-F763012D306E}
		{D05185D8-96A8-3FDA-85F1-888DC3BF38C1} = {D05185D8-96A8-3FDA-85F1-888DC3BF38C1}
	EndProjectSection
EndProject
Project("{8BC9CEB8-8B4A-11D0-8D11-00A0C91BC942}") = "nvassemble", "tools\nvassemble.vcxproj", "{7946128E-2D59-3DFA-B905-B56098BCDC09}"
	ProjectSection(ProjectDependencies) = postProject
		{B616079E-3B68-3CEC-BFED-70ED708EC78E} = {B616079E-3B68-3CEC-BFED-70ED708EC78E}
		{8ABE3E75-A1E6-376E-9892-27335ACAC64E} = {8ABE3E75-A1E6-376E-9892-27335ACAC64E}
		{0D4B0833-332B-3CB4-95CA-20AAE3069C56} = {0D4B0833-332B-3CB4-95CA-20AAE3069C56}
		{7B369830-B60D-356D-9C4B-FB1D67E5E2B5} = {7B369830-B60D-356D-9C4B-FB1D67E5E2B5}
		{E3013308-62A8-3472-8D36-55456823E38C} = {E3013308-62A8-3472-8D36-55456823E38C}
		{2E1454CD-4521-3B2D-85C0-619EC0D65271} = {2E1454CD-4521-3B2D-85C0-619EC0D65271}
		{73A90D37-D8C3-37AB-85AF-10CB17E34439} = {73A90D37-D8C3-37AB-85AF-10CB17E34439}
		{6C3CD190-DB5A-3F57-B276-D0D4E9DB91A7} = {6C3CD190-DB5A-3F57-B276-D0D4E9DB91A7}
		{F2E2B24E-6115-3263-8DFF-DBF2A5B4FE89} = {F2E2B24E-6115-3263-8DFF-DBF2A5B4FE89}
		{AC6B8E4E-D7C9-3541-B05B-F763012D306E} = {AC6B8E4E-D7C9-3541-B05B-F763012D306E}
		{D05185D8-96A8-3FDA-85F1-888DC3BF38C1} = {D05185D8-96A8-3FDA-85F1-888DC3BF38C1}
	EndProjectSection
EndProject
Project("{8BC9CEB8-8B4A-11D0-8D11-00A0C91BC942}") = "nvcompress", "tools\nvcompress.vcxproj", "{2ED79DF9-D310-349E-81F2-D8A435390EE2}"
	ProjectSection(ProjectDependencies) = postProject
		{B616079E-3B68-3CEC-BFED-70ED708EC78E} = {B616079E-3B68-3CEC-BFED-70ED708EC78E}
		{8ABE3E75-A1E6-376E-9892-27335ACAC64E} = {8ABE3E75-A1E6-376E-9892-27335ACAC64E}
		{0D4B0833-332B-3CB4-95CA-20AAE3069C56} = {0D4B0833-332B-3CB4-95CA-20AAE3069C56}
		{7B369830-B60D-356D-9C4B-FB1D67E5E2B5} = {7B369830-B60D-356D-9C4B-FB1D67E5E2B5}
		{E3013308-62A8-3472-8D36-55456823E38C} = {E3013308-62A8-3472-8D36-55456823E38C}
		{2E1454CD-4521-3B2D-85C0-619EC0D65271} = {2E1454CD-4521-3B2D-85C0-619EC0D65271}
		{73A90D37-D8C3-37AB-85AF-10CB17E34439} = {73A90D37-D8C3-37AB-85AF-10CB17E34439}
		{6C3CD190-DB5A-3F57-B276-D0D4E9DB91A7} = {6C3CD190-DB5A-3F57-B276-D0D4E9DB91A7}
		{F2E2B24E-6115-3263-8DFF-DBF2A5B4FE89} = {F2E2B24E-6115-3263-8DFF-DBF2A5B4FE89}
		{AC6B8E4E-D7C9-3541-B05B-F763012D306E} = {AC6B8E4E-D7C9-3541-B05B-F763012D306E}
		{D05185D8-96A8-3FDA-85F1-888DC3BF38C1} = {D05185D8-96A8-3FDA-85F1-888DC3BF38C1}
	EndProjectSection
EndProject
Project("{8BC9CEB8-8B4A-11D0-8D11-00A0C91BC942}") = "nvcore", "..\nvcore\nvcore.vcxproj", "{7B369830-B60D-356D-9C4B-FB1D67E5E2B5}"
	ProjectSection(ProjectDependencies) = postProject
		{B616079E-3B68-3CEC-BFED-70ED708EC78E} = {B616079E-3B68-3CEC-BFED-70ED708EC78E}
	EndProjectSection
EndProject
Project("{8BC9CEB8-8B4A-11D0-8D11-00A0C91BC942}") = "nvddsinfo", "tools\nvddsinfo.vcxproj", "{E11A9C8C-7BAD-323C-A897-91A10D7295AF}"
	ProjectSection(ProjectDependencies) = postProject
		{B616079E-3B68-3CEC-BFED-70ED708EC78E} = {B616079E-3B68-3CEC-BFED-70ED708EC78E}
		{8ABE3E75-A1E6-376E-9892-27335ACAC64E} = {8ABE3E75-A1E6-376E-9892-27335ACAC64E}
		{0D4B0833-332B-3CB4-95CA-20AAE3069C56} = {0D4B0833-332B-3CB4-95CA-20AAE3069C56}
		{7B369830-B60D-356D-9C4B-FB1D67E5E2B5} = {7B369830-B60D-356D-9C4B-FB1D67E5E2B5}
		{E3013308-62A8-3472-8D36-55456823E38C} = {E3013308-62A8-3472-8D36-55456823E38C}
		{2E1454CD-4521-3B2D-85C0-619EC0D65271} = {2E1454CD-4521-3B2D-85C0-619EC0D65271}
		{73A90D37-D8C3-37AB-85AF-10CB17E34439} = {73A90D37-D8C3-37AB-85AF-10CB17E34439}
		{6C3CD190-DB5A-3F57-B276-D0D4E9DB91A7} = {6C3CD190-DB5A-3F57-B276-D0D4E9DB91A7}
		{F2E2B24E-6115-3263-8DFF-DBF2A5B4FE89} = {F2E2B24E-6115-3263-8DFF-DBF2A5B4FE89}
		{AC6B8E4E-D7C9-3541-B05B-F763012D306E} = {AC6B8E4E-D7C9-3541-B05B-F763012D306E}
		{D05185D8-96A8-3FDA-85F1-888DC3BF38C1} = {D05185D8-96A8-3FDA-85F1-888DC3BF38C1}
	EndProjectSection
EndProject
Project("{8BC9CEB8-8B4A-11D0-8D11-00A0C91BC942}") = "nvdecompress", "tools\nvdecompress.vcxproj", "{633EC7BD-1517-3E78-84B6-7DE0BD29C0D6}"
	ProjectSection(ProjectDependencies) = postProject
		{B616079E-3B68-3CEC-BFED-70ED708EC78E} = {B616079E-3B68-3CEC-BFED-70ED708EC78E}
		{8ABE3E75-A1E6-376E-9892-27335ACAC64E} = {8ABE3E75-A1E6-376E-9892-27335ACAC64E}
		{0D4B0833-332B-3CB4-95CA-20AAE3069C56} = {0D4B0833-332B-3CB4-95CA-20AAE3069C56}
		{7B369830-B60D-356D-9C4B-FB1D67E5E2B5} = {7B369830-B60D-356D-9C4B-FB1D67E5E2B5}
		{E3013308-62A8-3472-8D36-55456823E38C} = {E3013308-62A8-3472-8D36-55456823E38C}
		{2E1454CD-4521-3B2D-85C0-619EC0D65271} = {2E1454CD-4521-3B2D-85C0-619EC0D65271}
		{73A90D37-D8C3-37AB-85AF-10CB17E34439} = {73A90D37-D8C3-37AB-85AF-10CB17E34439}
		{6C3CD190-DB5A-3F57-B276-D0D4E9DB91A7} = {6C3CD190-DB5A-3F57-B276-D0D4E9DB91A7}
		{F2E2B24E-6115-3263-8DFF-DBF2A5B4FE89} = {F2E2B24E-6115-3263-8DFF-DBF2A5B4FE89}
		{AC6B8E4E-D7C9-3541-B05B-F763012D306E} = {AC6B8E4E-D7C9-3541-B05B-F763012D306E}
		{D05185D8-96A8-3FDA-85F1-888DC3BF38C1} = {D05185D8-96A8-3FDA-85F1-888DC3BF38C1}
	EndProjectSection
EndProject
Project("{8BC9CEB8-8B4A-11D0-8D11-00A0C91BC942}") = "nvhdrtest", "tests\nvhdrtest.vcxproj", "{67913F6A-25F8-35FF-9D72-1AF34D7BD3BE}"
	ProjectSection(ProjectDependencies) = postProject
		{B616079E-3B68-3CEC-BFED-70ED708EC78E} = {B616079E-3B68-3CEC-BFED-70ED708EC78E}
		{8ABE3E75-A1E6-376E-9892-27335ACAC64E} = {8ABE3E75-A1E6-376E-9892-27335ACAC64E}
		{0D4B0833-332B-3CB4-95CA-20AAE3069C56} = {0D4B0833-332B-3CB4-95CA-20AAE3069C56}
		{7B369830-B60D-356D-9C4B-FB1D67E5E2B5} = {7B369830-B60D-356D-9C4B-FB1D67E5E2B5}
		{E3013308-62A8-3472-8D36-55456823E38C} = {E3013308-62A8-3472-8D36-55456823E38C}
		{2E1454CD-4521-3B2D-85C0-619EC0D65271} = {2E1454CD-4521-3B2D-85C0-619EC0D65271}
		{73A90D37-D8C3-37AB-85AF-10CB17E34439} = {73A90D37-D8C3-37AB-85AF-10CB17E34439}
		{6C3CD190-DB5A-3F57-B276-D0D4E9DB91A7} = {6C3CD190-DB5A-3F57-B276-D0D4E9DB91A7}
		{F2E2B24E-6115-3263-8DFF-DBF2A5B4FE89} = {F2E2B24E-6115-3263-8DFF-DBF2A5B4FE89}
		{AC6B8E4E-D7C9-3541-B05B-F763012D306E} = {AC6B8E4E-D7C9-3541-B05B-F763012D306E}
		{D05185D8-96A8-3FDA-85F1-888DC3BF38C1} = {D05185D8-96A8-3FDA-85F1-888DC3BF38C1}
	EndProjectSection
EndProject
Project("{8BC9CEB8-8B4A-11D0-8D11-00A0C91BC942}") = "nvimage", "..\nvimage\nvimage.vcxproj", "{E3013308-62A8-3472-8D36-55456823E38C}"
	ProjectSection(ProjectDependencies) = postProject
		{B616079E-3B68-3CEC-BFED-70ED708EC78E} = {B616079E-3B68-3CEC-BFED-70ED708EC78E}
		{8ABE3E75-A1E6-376E-9892-27335ACAC64E} = {8ABE3E75-A1E6-376E-9892-27335ACAC64E}
		{0D4B0833-332B-3CB4-95CA-20AAE3069C56} = {0D4B0833-332B-3CB4-95CA-20AAE3069C56}
		{7B369830-B60D-356D-9C4B-FB1D67E5E2B5} = {7B369830-B60D-356D-9C4B-FB1D67E5E2B5}
		{2E1454CD-4521-3B2D-85C0-619EC0D65271} = {2E1454CD-4521-3B2D-85C0-619EC0D65271}
		{AC6B8E4E-D7C9-3541-B05B-F763012D306E} = {AC6B8E4E-D7C9-3541-B05B-F763012D306E}
	EndProjectSection
EndProject
Project("{8BC9CEB8-8B4A-11D0-8D11-00A0C91BC942}") = "nvimgdiff", "tools\nvimgdiff.vcxproj", "{759ACE2C-DB95-398C-BBA2-2B65EFEFE333}"
	ProjectSection(ProjectDependencies) = postProject
		{B616079E-3B68-3CEC-BFED-70ED708EC78E} = {B616079E-3B68-3CEC-BFED-70ED708EC78E}
		{8ABE3E75-A1E6-376E-9892-27335ACAC64E} = {8ABE3E75-A1E6-376E-9892-27335ACAC64E}
		{0D4B0833-332B-3CB4-95CA-20AAE3069C56} = {0D4B0833-332B-3CB4-95CA-20AAE3069C56}
		{7B369830-B60D-356D-9C4B-FB1D67E5E2B5} = {7B369830-B60D-356D-9C4B-FB1D67E5E2B5}
		{E3013308-62A8-3472-8D36-55456823E38C} = {E3013308-62A8-3472-8D36-55456823E38C}
		{2E1454CD-4521-3B2D-85C0-619EC0D65271} = {2E1454CD-4521-3B2D-85C0-619EC0D65271}
		{73A90D37-D8C3-37AB-85AF-10CB17E34439} = {73A90D37-D8C3-37AB-85AF-10CB17E34439}
		{6C3CD190-DB5A-3F57-B276-D0D4E9DB91A7} = {6C3CD190-DB5A-3F57-B276-D0D4E9DB91A7}
		{F2E2B24E-6115-3263-8DFF-DBF2A5B4FE89} = {F2E2B24E-6115-3263-8DFF-DBF2A5B4FE89}
		{AC6B8E4E-D7C9-3541-B05B-F763012D306E} = {AC6B8E4E-D7C9-3541-B05B-F763012D306E}
		{D05185D8-96A8-3FDA-85F1-888DC3BF38C1} = {D05185D8-96A8-3FDA-85F1-888DC3BF38C1}
	EndProjectSection
EndProject
Project("{8BC9CEB8-8B4A-11D0-8D11-00A0C91BC942}") = "nvmath", "..\nvmath\nvmath.vcxproj", "{2E1454CD-4521-3B2D-85C0-619EC0D65271}"
	ProjectSection(ProjectDependencies) = postProject
		{B616079E-3B68-3CEC-BFED-70ED708EC78E} = {B616079E-3B68-3CEC-BFED-70ED708EC78E}
		{7B369830-B60D-356D-9C4B-FB1D67E5E2B5} = {7B369830-B60D-356D-9C4B-FB1D67E5E2B5}
	EndProjectSection
EndProject
Project("{8BC9CEB8-8B4A-11D0-8D11-00A0C91BC942}") = "nvsquish", "squish\nvsquish.vcxproj", "{73A90D37-D8C3-37AB-85AF-10CB17E34439}"
	ProjectSection(ProjectDependencies) = postProject
		{B616079E-3B68-3CEC-BFED-70ED708EC78E} = {B616079E-3B68-3CEC-BFED-70ED708EC78E}
	EndProjectSection
EndProject
Project("{8BC9CEB8-8B4A-11D0-8D11-00A0C91BC942}") = "nvtestsuite", "tests\nvtestsuite.vcxproj", "{6024E60C-7255-3D72-A4E3-C2BEAB21220A}"
	ProjectSection(ProjectDependencies) = postProject
		{B616079E-3B68-3CEC-BFED-70ED708EC78E} = {B616079E-3B68-3CEC-BFED-70ED708EC78E}
		{8ABE3E75-A1E6-376E-9892-27335ACAC64E} = {8ABE3E75-A1E6-376E-9892-27335ACAC64E}
		{0D4B0833-332B-3CB4-95CA-20AAE3069C56} = {0D4B0833-332B-3CB4-95CA-20AAE3069C56}
		{7B369830-B60D-356D-9C4B-FB1D67E5E2B5} = {7B369830-B60D-356D-9C4B-FB1D67E5E2B5}
		{E3013308-62A8-3472-8D36-55456823E38C} = {E3013308-62A8-3472-8D36-55456823E38C}
		{2E1454CD-4521-3B2D-85C0-619EC0D65271} = {2E1454CD-4521-3B2D-85C0-619EC0D65271}
		{73A90D37-D8C3-37AB-85AF-10CB17E34439} = {73A90D37-D8C3-37AB-85AF-10CB17E34439}
		{6C3CD190-DB5A-3F57-B276-D0D4E9DB91A7} = {6C3CD190-DB5A-3F57-B276-D0D4E9DB91A7}
		{F2E2B24E-6115-3263-8DFF-DBF2A5B4FE89} = {F2E2B24E-6115-3263-8DFF-DBF2A5B4FE89}
		{AC6B8E4E-D7C9-3541-B05B-F763012D306E} = {AC6B8E4E-D7C9-3541-B05B-F763012D306E}
		{D05185D8-96A8-3FDA-85F1-888DC3BF38C1} = {D05185D8-96A8-3FDA-85F1-888DC3BF38C1}
	EndProjectSection
EndProject
Project("{8BC9CEB8-8B4A-11D0-8D11-00A0C91BC942}") = "nvthread", "..\nvthread\nvthread.vcxproj", "{6C3CD190-DB5A-3F57-B276-D0D4E9DB91A7}"
	ProjectSection(ProjectDependencies) = postProject
		{B616079E-3B68-3CEC-BFED-70ED708EC78E} = {B616079E-3B68-3CEC-BFED-70ED708EC78E}
		{7B369830-B60D-356D-9C4B-FB1D67E5E2B5} = {7B369830-B60D-356D-9C4B-FB1D67E5E2B5}
	EndProjectSection
EndProject
Project("{8BC9CEB8-8B4A-11D0-8D11-00A0C91BC942}") = "nvtt", "nvtt.vcxproj", "{F2E2B24E-6115-3263-8DFF-DBF2A5B4FE89}"
	ProjectSection(ProjectDependencies) = postProject
		{B616079E-3B68-3CEC-BFED-70ED708EC78E} = {B616079E-3B68-3CEC-BFED-70ED708EC78E}
		{8ABE3E75-A1E6-376E-9892-27335ACAC64E} = {8ABE3E75-A1E6-376E-9892-27335ACAC64E}
		{0D4B0833-332B-3CB4-95CA-20AAE3069C56} = {0D4B0833-332B-3CB4-95CA-20AAE3069C56}
		{7B369830-B60D-356D-9C4B-FB1D67E5E2B5} = {7B369830-B60D-356D-9C4B-FB1D67E5E2B5}
		{E3013308-62A8-3472-8D36-55456823E38C} = {E3013308-62A8-3472-8D36-55456823E38C}
		{2E1454CD-4521-3B2D-85C0-619EC0D65271} = {2E1454CD-4521-3B2D-85C0-619EC0D65271}
		{73A90D37-D8C3-37AB-85AF-10CB17E34439} = {73A90D37-D8C3-37AB-85AF-10CB17E34439}
		{6C3CD190-DB5A-3F57-B276-D0D4E9DB91A7} = {6C3CD190-DB5A-3F57-B276-D0D4E9DB91A7}
		{AC6B8E4E-D7C9-3541-B05B-F763012D306E} = {AC6B8E4E-D7C9-3541-B05B-F763012D306E}
		{D05185D8-96A8-3FDA-85F1-888DC3BF38C1} = {D05185D8-96A8-3FDA-85F1-888DC3BF38C1}
	EndProjectSection
EndProject
Project("{8BC9CEB8-8B4A-11D0-8D11-00A0C91BC942}") = "nvzoom", "tools\nvzoom.vcxproj", "{CEEAE93B-E4DE-3F76-83CF-EA2F9DED3A46}"
	ProjectSection(ProjectDependencies) = postProject
		{B616079E-3B68-3CEC-BFED-70ED708EC78E} = {B616079E-3B68-3CEC-BFED-70ED708EC78E}
		{8ABE3E75-A1E6-376E-9892-27335ACAC64E} = {8ABE3E75-A1E6-376E-9892-27335ACAC64E}
		{0D4B0833-332B-3CB4-95CA-20AAE3069C56} = {0D4B0833-332B-3CB4-95CA-20AAE3069C56}
		{7B369830-B60D-356D-9C4B-FB1D67E5E2B5} = {7B369830-B60D-356D-9C4B-FB1D67E5E2B5}
		{E3013308-62A8-3472-8D36-55456823E38C} = {E3013308-62A8-3472-8D36-55456823E38C}
		{2E1454CD-4521-3B2D-85C0-619EC0D65271} = {2E1454CD-4521-3B2D-85C0-619EC0D65271}
		{73A90D37-D8C3-37AB-85AF-10CB17E34439} = {73A90D37-D8C3-37AB-85AF-10CB17E34439}
		{6C3CD190-DB5A-3F57-B276-D0D4E9DB91A7} = {6C3CD190-DB5A-3F57-B276-D0D4E9DB91A7}
		{F2E2B24E-6115-3263-8DFF-DBF2A5B4FE89} = {F2E2B24E-6115-3263-8DFF-DBF2A5B4FE89}
		{AC6B8E4E-D7C9-3541-B05B-F763012D306E} = {AC6B8E4E-D7C9-3541-B05B-F763012D306E}
		{D05185D8-96A8-3FDA-85F1-888DC3BF38C1} = {D05185D8-96A8-3FDA-85F1-888DC3BF38C1}
	EndProjectSection
EndProject
Project("{8BC9CEB8-8B4A-11D0-8D11-00A0C91BC942}") = "posh", "..\..\extern\poshlib\posh.vcxproj", "{AC6B8E4E-D7C9-3541-B05B-F763012D306E}"
	ProjectSection(ProjectDependencies) = postProject
		{B616079E-3B68-3CEC-BFED-70ED708EC78E} = {B616079E-3B68-3CEC-BFED-70ED708EC78E}
	EndProjectSection
EndProject
Project("{8BC9CEB8-8B4A-11D0-8D11-00A0C91BC942}") = "process_alpha_map", "tests\process_alpha_map.vcxproj", "{ADC3E9E9-B786-38CB-B836-257BB9279DEA}"
	ProjectSection(ProjectDependencies) = postProject
		{B616079E-3B68-3CEC-BFED-70ED708EC78E} = {B616079E-3B68-3CEC-BFED-70ED708EC78E}
		{8ABE3E75-A1E6-376E-9892-27335ACAC64E} = {8ABE3E75-A1E6-376E-9892-27335ACAC64E}
		{0D4B0833-332B-3CB4-95CA-20AAE3069C56} = {0D4B0833-332B-3CB4-95CA-20AAE3069C56}
		{7B369830-B60D-356D-9C4B-FB1D67E5E2B5} = {7B369830-B60D-356D-9C4B-FB1D67E5E2B5}
		{E3013308-62A8-3472-8D36-55456823E38C} = {E3013308-62A8-3472-8D36-55456823E38C}
		{2E1454CD-4521-3B2D-85C0-619EC0D65271} = {2E1454CD-4521-3B2D-85C0-619EC0D65271}
		{73A90D37-D8C3-37AB-85AF-10CB17E34439} = {73A90D37-D8C3-37AB-85AF-10CB17E34439}
		{6C3CD190-DB5A-3F57-B276-D0D4E9DB91A7} = {6C3CD190-DB5A-3F57-B276-D0D4E9DB91A7}
		{F2E2B24E-6115-3263-8DFF-DBF2A5B4FE89} = {F2E2B24E-6115-3263-8DFF-DBF2A5B4FE89}
		{AC6B8E4E-D7C9-3541-B05B-F763012D306E} = {AC6B8E4E-D7C9-3541-B05B-F763012D306E}
		{D05185D8-96A8-3FDA-85F1-888DC3BF38C1} = {D05185D8-96A8-3FDA-85F1-888DC3BF38C1}
	EndProjectSection
EndProject
Project("{8BC9CEB8-8B4A-11D0-8D11-00A0C91BC942}") = "rg_etc1", "..\..\extern\rg_etc1_v104\rg_etc1.vcxproj", "{D05185D8-96A8-3FDA-85F1-888DC3BF38C1}"
	ProjectSection(ProjectDependencies) = postProject
		{B616079E-3B68-3CEC-BFED-70ED708EC78E} = {B616079E-3B68-3CEC-BFED-70ED708EC78E}
	EndProjectSection
EndProject
Project("{8BC9CEB8-8B4A-11D0-8D11-00A0C91BC942}") = "squish", "..\..\extern\libsquish-1.15\squish.vcxproj", "{93DC0BA8-3251-33ED-872B-84D57349A1E1}"
	ProjectSection(ProjectDependencies) = postProject
		{B616079E-3B68-3CEC-BFED-70ED708EC78E} = {B616079E-3B68-3CEC-BFED-70ED708EC78E}
	EndProjectSection
EndProject
Global
	GlobalSection(SolutionConfigurationPlatforms) = preSolution
		Debug|Win32 = Debug|Win32
		Release|Win32 = Release|Win32
		MinSizeRel|Win32 = MinSizeRel|Win32
		RelWithDebInfo|Win32 = RelWithDebInfo|Win32
	EndGlobalSection
	GlobalSection(ProjectConfigurationPlatforms) = postSolution
		{F594E843-581F-342A-B71C-DE856650CD06}.Debug|Win32.ActiveCfg = Debug|Win32
		{F594E843-581F-342A-B71C-DE856650CD06}.Debug|Win32.Build.0 = Debug|Win32
		{F594E843-581F-342A-B71C-DE856650CD06}.Release|Win32.ActiveCfg = Release|Win32
		{F594E843-581F-342A-B71C-DE856650CD06}.Release|Win32.Build.0 = Release|Win32
		{F594E843-581F-342A-B71C-DE856650CD06}.MinSizeRel|Win32.ActiveCfg = MinSizeRel|Win32
		{F594E843-581F-342A-B71C-DE856650CD06}.MinSizeRel|Win32.Build.0 = MinSizeRel|Win32
		{F594E843-581F-342A-B71C-DE856650CD06}.RelWithDebInfo|Win32.ActiveCfg = RelWithDebInfo|Win32
		{F594E843-581F-342A-B71C-DE856650CD06}.RelWithDebInfo|Win32.Build.0 = RelWithDebInfo|Win32
		{9C758BAB-A2A8-3734-975C-D41EB05BC328}.Debug|Win32.ActiveCfg = Debug|Win32
		{9C758BAB-A2A8-3734-975C-D41EB05BC328}.Debug|Win32.Build.0 = Debug|Win32
		{9C758BAB-A2A8-3734-975C-D41EB05BC328}.Release|Win32.ActiveCfg = Release|Win32
		{9C758BAB-A2A8-3734-975C-D41EB05BC328}.Release|Win32.Build.0 = Release|Win32
		{9C758BAB-A2A8-3734-975C-D41EB05BC328}.MinSizeRel|Win32.ActiveCfg = MinSizeRel|Win32
		{9C758BAB-A2A8-3734-975C-D41EB05BC328}.MinSizeRel|Win32.Build.0 = MinSizeRel|Win32
		{9C758BAB-A2A8-3734-975C-D41EB05BC328}.RelWithDebInfo|Win32.ActiveCfg = RelWithDebInfo|Win32
		{9C758BAB-A2A8-3734-975C-D41EB05BC328}.RelWithDebInfo|Win32.Build.0 = RelWithDebInfo|Win32
		{073CA51E-8661-3A19-BC0F-ABBBDCA0AC30}.Debug|Win32.ActiveCfg = Debug|Win32
		{073CA51E-8661-3A19-BC0F-ABBBDCA0AC30}.Release|Win32.ActiveCfg = Release|Win32
		{073CA51E-8661-3A19-BC0F-ABBBDCA0AC30}.MinSizeRel|Win32.ActiveCfg = MinSizeRel|Win32
		{073CA51E-8661-3A19-BC0F-ABBBDCA0AC30}.RelWithDebInfo|Win32.ActiveCfg = RelWithDebInfo|Win32
		{20DFF80C-C77F-3ECB-8953-2D015E740E0E}.Debug|Win32.ActiveCfg = Debug|Win32
		{20DFF80C-C77F-3ECB-8953-2D015E740E0E}.Release|Win32.ActiveCfg = Release|Win32
		{20DFF80C-C77F-3ECB-8953-2D015E740E0E}.MinSizeRel|Win32.ActiveCfg = MinSizeRel|Win32
		{20DFF80C-C77F-3ECB-8953-2D015E740E0E}.RelWithDebInfo|Win32.ActiveCfg = RelWithDebInfo|Win32
		{F768BBE2-E56B-32F8-B28F-2A9B2CFDE7E2}.Debug|Win32.ActiveCfg = Debug|Win32
		{F768BBE2-E56B-32F8-B28F-2A9B2CFDE7E2}.Release|Win32.ActiveCfg = Release|Win32
		{F768BBE2-E56B-32F8-B28F-2A9B2CFDE7E2}.MinSizeRel|Win32.ActiveCfg = MinSizeRel|Win32
		{F768BBE2-E56B-32F8-B28F-2A9B2CFDE7E2}.RelWithDebInfo|Win32.ActiveCfg = RelWithDebInfo|Win32
		{B616079E-3B68-3CEC-BFED-70ED708EC78E}.Debug|Win32.ActiveCfg = Debug|Win32
		{B616079E-3B68-3CEC-BFED-70ED708EC78E}.Debug|Win32.Build.0 = Debug|Win32
		{B616079E-3B68-3CEC-BFED-70ED708EC78E}.Release|Win32.ActiveCfg = Release|Win32
		{B616079E-3B68-3CEC-BFED-70ED708EC78E}.Release|Win32.Build.0 = Release|Win32
		{B616079E-3B68-3CEC-BFED-70ED708EC78E}.MinSizeRel|Win32.ActiveCfg = MinSizeRel|Win32
		{B616079E-3B68-3CEC-BFED-70ED708EC78E}.MinSizeRel|Win32.Build.0 = MinSizeRel|Win32
		{B616079E-3B68-3CEC-BFED-70ED708EC78E}.RelWithDebInfo|Win32.ActiveCfg = RelWithDebInfo|Win32
		{B616079E-3B68-3CEC-BFED-70ED708EC78E}.RelWithDebInfo|Win32.Build.0 = RelWithDebInfo|Win32
		{EA5CC949-1499-3170-AFA0-5C9035D913B4}.Debug|Win32.ActiveCfg = Debug|Win32
		{EA5CC949-1499-3170-AFA0-5C9035D913B4}.Debug|Win32.Build.0 = Debug|Win32
		{EA5CC949-1499-3170-AFA0-5C9035D913B4}.Release|Win32.ActiveCfg = Release|Win32
		{EA5CC949-1499-3170-AFA0-5C9035D913B4}.Release|Win32.Build.0 = Release|Win32
		{EA5CC949-1499-3170-AFA0-5C9035D913B4}.MinSizeRel|Win32.ActiveCfg = MinSizeRel|Win32
		{EA5CC949-1499-3170-AFA0-5C9035D913B4}.MinSizeRel|Win32.Build.0 = MinSizeRel|Win32
		{EA5CC949-1499-3170-AFA0-5C9035D913B4}.RelWithDebInfo|Win32.ActiveCfg = RelWithDebInfo|Win32
		{EA5CC949-1499-3170-AFA0-5C9035D913B4}.RelWithDebInfo|Win32.Build.0 = RelWithDebInfo|Win32
		{8ABE3E75-A1E6-376E-9892-27335ACAC64E}.Debug|Win32.ActiveCfg = Debug|Win32
		{8ABE3E75-A1E6-376E-9892-27335ACAC64E}.Debug|Win32.Build.0 = Debug|Win32
		{8ABE3E75-A1E6-376E-9892-27335ACAC64E}.Release|Win32.ActiveCfg = Release|Win32
		{8ABE3E75-A1E6-376E-9892-27335ACAC64E}.Release|Win32.Build.0 = Release|Win32
		{8ABE3E75-A1E6-376E-9892-27335ACAC64E}.MinSizeRel|Win32.ActiveCfg = MinSizeRel|Win32
		{8ABE3E75-A1E6-376E-9892-27335ACAC64E}.MinSizeRel|Win32.Build.0 = MinSizeRel|Win32
		{8ABE3E75-A1E6-376E-9892-27335ACAC64E}.RelWithDebInfo|Win32.ActiveCfg = RelWithDebInfo|Win32
		{8ABE3E75-A1E6-376E-9892-27335ACAC64E}.RelWithDebInfo|Win32.Build.0 = RelWithDebInfo|Win32
		{0D4B0833-332B-3CB4-95CA-20AAE3069C56}.Debug|Win32.ActiveCfg = Debug|Win32
		{0D4B0833-332B-3CB4-95CA-20AAE3069C56}.Debug|Win32.Build.0 = Debug|Win32
		{0D4B0833-332B-3CB4-95CA-20AAE3069C56}.Release|Win32.ActiveCfg = Release|Win32
		{0D4B0833-332B-3CB4-95CA-20AAE3069C56}.Release|Win32.Build.0 = Release|Win32
		{0D4B0833-332B-3CB4-95CA-20AAE3069C56}.MinSizeRel|Win32.ActiveCfg = MinSizeRel|Win32
		{0D4B0833-332B-3CB4-95CA-20AAE3069C56}.MinSizeRel|Win32.Build.0 = MinSizeRel|Win32
		{0D4B0833-332B-3CB4-95CA-20AAE3069C56}.RelWithDebInfo|Win32.ActiveCfg = RelWithDebInfo|Win32
		{0D4B0833-332B-3CB4-95CA-20AAE3069C56}.RelWithDebInfo|Win32.Build.0 = RelWithDebInfo|Win32
		{9FC61A6E-F0D7-3E47-98C6-8CB73258BD53}.Debug|Win32.ActiveCfg = Debug|Win32
		{9FC61A6E-F0D7-3E47-98C6-8CB73258BD53}.Debug|Win32.Build.0 = Debug|Win32
		{9FC61A6E-F0D7-3E47-98C6-8CB73258BD53}.Release|Win32.ActiveCfg = Release|Win32
		{9FC61A6E-F0D7-3E47-98C6-8CB73258BD53}.Release|Win32.Build.0 = Release|Win32
		{9FC61A6E-F0D7-3E47-98C6-8CB73258BD53}.MinSizeRel|Win32.ActiveCfg = MinSizeRel|Win32
		{9FC61A6E-F0D7-3E47-98C6-8CB73258BD53}.MinSizeRel|Win32.Build.0 = MinSizeRel|Win32
		{9FC61A6E-F0D7-3E47-98C6-8CB73258BD53}.RelWithDebInfo|Win32.ActiveCfg = RelWithDebInfo|Win32
		{9FC61A6E-F0D7-3E47-98C6-8CB73258BD53}.RelWithDebInfo|Win32.Build.0 = RelWithDebInfo|Win32
		{1DB4F3F8-83F7-39AD-98D3-92FBEB06A59B}.Debug|Win32.ActiveCfg = Debug|Win32
		{1DB4F3F8-83F7-39AD-98D3-92FBEB06A59B}.Debug|Win32.Build.0 = Debug|Win32
		{1DB4F3F8-83F7-39AD-98D3-92FBEB06A59B}.Release|Win32.ActiveCfg = Release|Win32
		{1DB4F3F8-83F7-39AD-98D3-92FBEB06A59B}.Release|Win32.Build.0 = Release|Win32
		{1DB4F3F8-83F7-39AD-98D3-92FBEB06A59B}.MinSizeRel|Win32.ActiveCfg = MinSizeRel|Win32
		{1DB4F3F8-83F7-39AD-98D3-92FBEB06A59B}.MinSizeRel|Win32.Build.0 = MinSizeRel|Win32
		{1DB4F3F8-83F7-39AD-98D3-92FBEB06A59B}.RelWithDebInfo|Win32.ActiveCfg = RelWithDebInfo|Win32
		{1DB4F3F8-83F7-39AD-98D3-92FBEB06A59B}.RelWithDebInfo|Win32.Build.0 = RelWithDebInfo|Win32
		{0168F892-B246-3D59-990E-E5BBD479E6DE}.Debug|Win32.ActiveCfg = Debug|Win32
		{0168F892-B246-3D59-990E-E5BBD479E6DE}.Debug|Win32.Build.0 = Debug|Win32
		{0168F892-B246-3D59-990E-E5BBD479E6DE}.Release|Win32.ActiveCfg = Release|Win32
		{0168F892-B246-3D59-990E-E5BBD479E6DE}.Release|Win32.Build.0 = Release|Win32
		{0168F892-B246-3D59-990E-E5BBD479E6DE}.MinSizeRel|Win32.ActiveCfg = MinSizeRel|Win32
		{0168F892-B246-3D59-990E-E5BBD479E6DE}.MinSizeRel|Win32.Build.0 = MinSizeRel|Win32
		{0168F892-B246-3D59-990E-E5BBD479E6DE}.RelWithDebInfo|Win32.ActiveCfg = RelWithDebInfo|Win32
		{0168F892-B246-3D59-990E-E5BBD479E6DE}.RelWithDebInfo|Win32.Build.0 = RelWithDebInfo|Win32
		{A5556D12-C03D-36FC-9D35-A6A5201F544A}.Debug|Win32.ActiveCfg = Debug|Win32
		{A5556D12-C03D-36FC-9D35-A6A5201F544A}.Debug|Win32.Build.0 = Debug|Win32
		{A5556D12-C03D-36FC-9D35-A6A5201F544A}.Release|Win32.ActiveCfg = Release|Win32
		{A5556D12-C03D-36FC-9D35-A6A5201F544A}.Release|Win32.Build.0 = Release|Win32
		{A5556D12-C03D-36FC-9D35-A6A5201F544A}.MinSizeRel|Win32.ActiveCfg = MinSizeRel|Win32
		{A5556D12-C03D-36FC-9D35-A6A5201F544A}.MinSizeRel|Win32.Build.0 = MinSizeRel|Win32
		{A5556D12-C03D-36FC-9D35-A6A5201F544A}.RelWithDebInfo|Win32.ActiveCfg = RelWithDebInfo|Win32
		{A5556D12-C03D-36FC-9D35-A6A5201F544A}.RelWithDebInfo|Win32.Build.0 = RelWithDebInfo|Win32
		{FAEE33CA-C235-3ABE-A7BB-B9F27AC90D86}.Debug|Win32.ActiveCfg = Debug|Win32
		{FAEE33CA-C235-3ABE-A7BB-B9F27AC90D86}.Debug|Win32.Build.0 = Debug|Win32
		{FAEE33CA-C235-3ABE-A7BB-B9F27AC90D86}.Release|Win32.ActiveCfg = Release|Win32
		{FAEE33CA-C235-3ABE-A7BB-B9F27AC90D86}.Release|Win32.Build.0 = Release|Win32
		{FAEE33CA-C235-3ABE-A7BB-B9F27AC90D86}.MinSizeRel|Win32.ActiveCfg = MinSizeRel|Win32
		{FAEE33CA-C235-3ABE-A7BB-B9F27AC90D86}.MinSizeRel|Win32.Build.0 = MinSizeRel|Win32
		{FAEE33CA-C235-3ABE-A7BB-B9F27AC90D86}.RelWithDebInfo|Win32.ActiveCfg = RelWithDebInfo|Win32
		{FAEE33CA-C235-3ABE-A7BB-B9F27AC90D86}.RelWithDebInfo|Win32.Build.0 = RelWithDebInfo|Win32
		{7946128E-2D59-3DFA-B905-B56098BCDC09}.Debug|Win32.ActiveCfg = Debug|Win32
		{7946128E-2D59-3DFA-B905-B56098BCDC09}.Debug|Win32.Build.0 = Debug|Win32
		{7946128E-2D59-3DFA-B905-B56098BCDC09}.Release|Win32.ActiveCfg = Release|Win32
		{7946128E-2D59-3DFA-B905-B56098BCDC09}.Release|Win32.Build.0 = Release|Win32
		{7946128E-2D59-3DFA-B905-B56098BCDC09}.MinSizeRel|Win32.ActiveCfg = MinSizeRel|Win32
		{7946128E-2D59-3DFA-B905-B56098BCDC09}.MinSizeRel|Win32.Build.0 = MinSizeRel|Win32
		{7946128E-2D59-3DFA-B905-B56098BCDC09}.RelWithDebInfo|Win32.ActiveCfg = RelWithDebInfo|Win32
		{7946128E-2D59-3DFA-B905-B56098BCDC09}.RelWithDebInfo|Win32.Build.0 = RelWithDebInfo|Win32
		{2ED79DF9-D310-349E-81F2-D8A435390EE2}.Debug|Win32.ActiveCfg = Debug|Win32
		{2ED79DF9-D310-349E-81F2-D8A435390EE2}.Debug|Win32.Build.0 = Debug|Win32
		{2ED79DF9-D310-349E-81F2-D8A435390EE2}.Release|Win32.ActiveCfg = Release|Win32
		{2ED79DF9-D310-349E-81F2-D8A435390EE2}.Release|Win32.Build.0 = Release|Win32
		{2ED79DF9-D310-349E-81F2-D8A435390EE2}.MinSizeRel|Win32.ActiveCfg = MinSizeRel|Win32
		{2ED79DF9-D310-349E-81F2-D8A435390EE2}.MinSizeRel|Win32.Build.0 = MinSizeRel|Win32
		{2ED79DF9-D310-349E-81F2-D8A435390EE2}.RelWithDebInfo|Win32.ActiveCfg = RelWithDebInfo|Win32
		{2ED79DF9-D310-349E-81F2-D8A435390EE2}.RelWithDebInfo|Win32.Build.0 = RelWithDebInfo|Win32
		{7B369830-B60D-356D-9C4B-FB1D67E5E2B5}.Debug|Win32.ActiveCfg = Debug|Win32
		{7B369830-B60D-356D-9C4B-FB1D67E5E2B5}.Debug|Win32.Build.0 = Debug|Win32
		{7B369830-B60D-356D-9C4B-FB1D67E5E2B5}.Release|Win32.ActiveCfg = Release|Win32
		{7B369830-B60D-356D-9C4B-FB1D67E5E2B5}.Release|Win32.Build.0 = Release|Win32
		{7B369830-B60D-356D-9C4B-FB1D67E5E2B5}.MinSizeRel|Win32.ActiveCfg = MinSizeRel|Win32
		{7B369830-B60D-356D-9C4B-FB1D67E5E2B5}.MinSizeRel|Win32.Build.0 = MinSizeRel|Win32
		{7B369830-B60D-356D-9C4B-FB1D67E5E2B5}.RelWithDebInfo|Win32.ActiveCfg = RelWithDebInfo|Win32
		{7B369830-B60D-356D-9C4B-FB1D67E5E2B5}.RelWithDebInfo|Win32.Build.0 = RelWithDebInfo|Win32
		{E11A9C8C-7BAD-323C-A897-91A10D7295AF}.Debug|Win32.ActiveCfg = Debug|Win32
		{E11A9C8C-7BAD-323C-A897-91A10D7295AF}.Debug|Win32.Build.0 = Debug|Win32
		{E11A9C8C-7BAD-323C-A897-91A10D7295AF}.Release|Win32.ActiveCfg = Release|Win32
		{E11A9C8C-7BAD-323C-A897-91A10D7295AF}.Release|Win32.Build.0 = Release|Win32
		{E11A9C8C-7BAD-323C-A897-91A10D7295AF}.MinSizeRel|Win32.ActiveCfg = MinSizeRel|Win32
		{E11A9C8C-7BAD-323C-A897-91A10D7295AF}.MinSizeRel|Win32.Build.0 = MinSizeRel|Win32
		{E11A9C8C-7BAD-323C-A897-91A10D7295AF}.RelWithDebInfo|Win32.ActiveCfg = RelWithDebInfo|Win32
		{E11A9C8C-7BAD-323C-A897-91A10D7295AF}.RelWithDebInfo|Win32.Build.0 = RelWithDebInfo|Win32
		{633EC7BD-1517-3E78-84B6-7DE0BD29C0D6}.Debug|Win32.ActiveCfg = Debug|Win32
		{633EC7BD-1517-3E78-84B6-7DE0BD29C0D6}.Debug|Win32.Build.0 = Debug|Win32
		{633EC7BD-1517-3E78-84B6-7DE0BD29C0D6}.Release|Win32.ActiveCfg = Release|Win32
		{633EC7BD-1517-3E78-84B6-7DE0BD29C0D6}.Release|Win32.Build.0 = Release|Win32
		{633EC7BD-1517-3E78-84B6-7DE0BD29C0D6}.MinSizeRel|Win32.ActiveCfg = MinSizeRel|Win32
		{633EC7BD-1517-3E78-84B6-7DE0BD29C0D6}.MinSizeRel|Win32.Build.0 = MinSizeRel|Win32
		{633EC7BD-1517-3E78-84B6-7DE0BD29C0D6}.RelWithDebInfo|Win32.ActiveCfg = RelWithDebInfo|Win32
		{633EC7BD-1517-3E78-84B6-7DE0BD29C0D6}.RelWithDebInfo|Win32.Build.0 = RelWithDebInfo|Win32
		{67913F6A-25F8-35FF-9D72-1AF34D7BD3BE}.Debug|Win32.ActiveCfg = Debug|Win32
		{67913F6A-25F8-35FF-9D72-1AF34D7BD3BE}.Debug|Win32.Build.0 = Debug|Win32
		{67913F6A-25F8-35FF-9D72-1AF34D7BD3BE}.Release|Win32.ActiveCfg = Release|Win32
		{67913F6A-25F8-35FF-9D72-1AF34D7BD3BE}.Release|Win32.Build.0 = Release|Win32
		{67913F6A-25F8-35FF-9D72-1AF34D7BD3BE}.MinSizeRel|Win32.ActiveCfg = MinSizeRel|Win32
		{67913F6A-25F8-35FF-9D72-1AF34D7BD3BE}.MinSizeRel|Win32.Build.0 = MinSizeRel|Win32
		{67913F6A-25F8-35FF-9D72-1AF34D7BD3BE}.RelWithDebInfo|Win32.ActiveCfg = RelWithDebInfo|Win32
		{67913F6A-25F8-35FF-9D72-1AF34D7BD3BE}.RelWithDebInfo|Win32.Build.0 = RelWithDebInfo|Win32
		{E3013308-62A8-3472-8D36-55456823E38C}.Debug|Win32.ActiveCfg = Debug|Win32
		{E3013308-62A8-3472-8D36-55456823E38C}.Debug|Win32.Build.0 = Debug|Win32
		{E3013308-62A8-3472-8D36-55456823E38C}.Release|Win32.ActiveCfg = Release|Win32
		{E3013308-62A8-3472-8D36-55456823E38C}.Release|Win32.Build.0 = Release|Win32
		{E3013308-62A8-3472-8D36-55456823E38C}.MinSizeRel|Win32.ActiveCfg = MinSizeRel|Win32
		{E3013308-62A8-3472-8D36-55456823E38C}.MinSizeRel|Win32.Build.0 = MinSizeRel|Win32
		{E3013308-62A8-3472-8D36-55456823E38C}.RelWithDebInfo|Win32.ActiveCfg = RelWithDebInfo|Win32
		{E3013308-62A8-3472-8D36-55456823E38C}.RelWithDebInfo|Win32.Build.0 = RelWithDebInfo|Win32
		{759ACE2C-DB95-398C-BBA2-2B65EFEFE333}.Debug|Win32.ActiveCfg = Debug|Win32
		{759ACE2C-DB95-398C-BBA2-2B65EFEFE333}.Debug|Win32.Build.0 = Debug|Win32
		{759ACE2C-DB95-398C-BBA2-2B65EFEFE333}.Release|Win32.ActiveCfg = Release|Win32
		{759ACE2C-DB95-398C-BBA2-2B65EFEFE333}.Release|Win32.Build.0 = Release|Win32
		{759ACE2C-DB95-398C-BBA2-2B65EFEFE333}.MinSizeRel|Win32.ActiveCfg = MinSizeRel|Win32
		{759ACE2C-DB95-398C-BBA2-2B65EFEFE333}.MinSizeRel|Win32.Build.0 = MinSizeRel|Win32
		{759ACE2C-DB95-398C-BBA2-2B65EFEFE333}.RelWithDebInfo|Win32.ActiveCfg = RelWithDebInfo|Win32
		{759ACE2C-DB95-398C-BBA2-2B65EFEFE333}.RelWithDebInfo|Win32.Build.0 = RelWithDebInfo|Win32
		{2E1454CD-4521-3B2D-85C0-619EC0D65271}.Debug|Win32.ActiveCfg = Debug|Win32
		{2E1454CD-4521-3B2D-85C0-619EC0D65271}.Debug|Win32.Build.0 = Debug|Win32
		{2E1454CD-4521-3B2D-85C0-619EC0D65271}.Release|Win32.ActiveCfg = Release|Win32
		{2E1454CD-4521-3B2D-85C0-619EC0D65271}.Release|Win32.Build.0 = Release|Win32
		{2E1454CD-4521-3B2D-85C0-619EC0D65271}.MinSizeRel|Win32.ActiveCfg = MinSizeRel|Win32
		{2E1454CD-4521-3B2D-85C0-619EC0D65271}.MinSizeRel|Win32.Build.0 = MinSizeRel|Win32
		{2E1454CD-4521-3B2D-85C0-619EC0D65271}.RelWithDebInfo|Win32.ActiveCfg = RelWithDebInfo|Win32
		{2E1454CD-4521-3B2D-85C0-619EC0D65271}.RelWithDebInfo|Win32.Build.0 = RelWithDebInfo|Win32
		{73A90D37-D8C3-37AB-85AF-10CB17E34439}.Debug|Win32.ActiveCfg = Debug|Win32
		{73A90D37-D8C3-37AB-85AF-10CB17E34439}.Debug|Win32.Build.0 = Debug|Win32
		{73A90D37-D8C3-37AB-85AF-10CB17E34439}.Release|Win32.ActiveCfg = Release|Win32
		{73A90D37-D8C3-37AB-85AF-10CB17E34439}.Release|Win32.Build.0 = Release|Win32
		{73A90D37-D8C3-37AB-85AF-10CB17E34439}.MinSizeRel|Win32.ActiveCfg = MinSizeRel|Win32
		{73A90D37-D8C3-37AB-85AF-10CB17E34439}.MinSizeRel|Win32.Build.0 = MinSizeRel|Win32
		{73A90D37-D8C3-37AB-85AF-10CB17E34439}.RelWithDebInfo|Win32.ActiveCfg = RelWithDebInfo|Win32
		{73A90D37-D8C3-37AB-85AF-10CB17E34439}.RelWithDebInfo|Win32.Build.0 = RelWithDebInfo|Win32
		{6024E60C-7255-3D72-A4E3-C2BEAB21220A}.Debug|Win32.ActiveCfg = Debug|Win32
		{6024E60C-7255-3D72-A4E3-C2BEAB21220A}.Debug|Win32.Build.0 = Debug|Win32
		{6024E60C-7255-3D72-A4E3-C2BEAB21220A}.Release|Win32.ActiveCfg = Release|Win32
		{6024E60C-7255-3D72-A4E3-C2BEAB21220A}.Release|Win32.Build.0 = Release|Win32
		{6024E60C-7255-3D72-A4E3-C2BEAB21220A}.MinSizeRel|Win32.ActiveCfg = MinSizeRel|Win32
		{6024E60C-7255-3D72-A4E3-C2BEAB21220A}.MinSizeRel|Win32.Build.0 = MinSizeRel|Win32
		{6024E60C-7255-3D72-A4E3-C2BEAB21220A}.RelWithDebInfo|Win32.ActiveCfg = RelWithDebInfo|Win32
		{6024E60C-7255-3D72-A4E3-C2BEAB21220A}.RelWithDebInfo|Win32.Build.0 = RelWithDebInfo|Win32
		{6C3CD190-DB5A-3F57-B276-D0D4E9DB91A7}.Debug|Win32.ActiveCfg = Debug|Win32
		{6C3CD190-DB5A-3F57-B276-D0D4E9DB91A7}.Debug|Win32.Build.0 = Debug|Win32
		{6C3CD190-DB5A-3F57-B276-D0D4E9DB91A7}.Release|Win32.ActiveCfg = Release|Win32
		{6C3CD190-DB5A-3F57-B276-D0D4E9DB91A7}.Release|Win32.Build.0 = Release|Win32
		{6C3CD190-DB5A-3F57-B276-D0D4E9DB91A7}.MinSizeRel|Win32.ActiveCfg = MinSizeRel|Win32
		{6C3CD190-DB5A-3F57-B276-D0D4E9DB91A7}.MinSizeRel|Win32.Build.0 = MinSizeRel|Win32
		{6C3CD190-DB5A-3F57-B276-D0D4E9DB91A7}.RelWithDebInfo|Win32.ActiveCfg = RelWithDebInfo|Win32
		{6C3CD190-DB5A-3F57-B276-D0D4E9DB91A7}.RelWithDebInfo|Win32.Build.0 = RelWithDebInfo|Win32
		{F2E2B24E-6115-3263-8DFF-DBF2A5B4FE89}.Debug|Win32.ActiveCfg = Debug|Win32
		{F2E2B24E-6115-3263-8DFF-DBF2A5B4FE89}.Debug|Win32.Build.0 = Debug|Win32
		{F2E2B24E-6115-3263-8DFF-DBF2A5B4FE89}.Release|Win32.ActiveCfg = Release|Win32
		{F2E2B24E-6115-3263-8DFF-DBF2A5B4FE89}.Release|Win32.Build.0 = Release|Win32
		{F2E2B24E-6115-3263-8DFF-DBF2A5B4FE89}.MinSizeRel|Win32.ActiveCfg = MinSizeRel|Win32
		{F2E2B24E-6115-3263-8DFF-DBF2A5B4FE89}.MinSizeRel|Win32.Build.0 = MinSizeRel|Win32
		{F2E2B24E-6115-3263-8DFF-DBF2A5B4FE89}.RelWithDebInfo|Win32.ActiveCfg = RelWithDebInfo|Win32
		{F2E2B24E-6115-3263-8DFF-DBF2A5B4FE89}.RelWithDebInfo|Win32.Build.0 = RelWithDebInfo|Win32
		{CEEAE93B-E4DE-3F76-83CF-EA2F9DED3A46}.Debug|Win32.ActiveCfg = Debug|Win32
		{CEEAE93B-E4DE-3F76-83CF-EA2F9DED3A46}.Debug|Win32.Build.0 = Debug|Win32
		{CEEAE93B-E4DE-3F76-83CF-EA2F9DED3A46}.Release|Win32.ActiveCfg = Release|Win32
		{CEEAE93B-E4DE-3F76-83CF-EA2F9DED3A46}.Release|Win32.Build.0 = Release|Win32
		{CEEAE93B-E4DE-3F76-83CF-EA2F9DED3A46}.MinSizeRel|Win32.ActiveCfg = MinSizeRel|Win32
		{CEEAE93B-E4DE-3F76-83CF-EA2F9DED3A46}.MinSizeRel|Win32.Build.0 = MinSizeRel|Win32
		{CEEAE93B-E4DE-3F76-83CF-EA2F9DED3A46}.RelWithDebInfo|Win32.ActiveCfg = RelWithDebInfo|Win32
		{CEEAE93B-E4DE-3F76-83CF-EA2F9DED3A46}.RelWithDebInfo|Win32.Build.0 = RelWithDebInfo|Win32
		{AC6B8E4E-D7C9-3541-B05B-F763012D306E}.Debug|Win32.ActiveCfg = Debug|Win32
		{AC6B8E4E-D7C9-3541-B05B-F763012D306E}.Debug|Win32.Build.0 = Debug|Win32
		{AC6B8E4E-D7C9-3541-B05B-F763012D306E}.Release|Win32.ActiveCfg = Release|Win32
		{AC6B8E4E-D7C9-3541-B05B-F763012D306E}.Release|Win32.Build.0 = Release|Win32
		{AC6B8E4E-D7C9-3541-B05B-F763012D306E}.MinSizeRel|Win32.ActiveCfg = MinSizeRel|Win32
		{AC6B8E4E-D7C9-3541-B05B-F763012D306E}.MinSizeRel|Win32.Build.0 = MinSizeRel|Win32
		{AC6B8E4E-D7C9-3541-B05B-F763012D306E}.RelWithDebInfo|Win32.ActiveCfg = RelWithDebInfo|Win32
		{AC6B8E4E-D7C9-3541-B05B-F763012D306E}.RelWithDebInfo|Win32.Build.0 = RelWithDebInfo|Win32
		{ADC3E9E9-B786-38CB-B836-257BB9279DEA}.Debug|Win32.ActiveCfg = Debug|Win32
		{ADC3E9E9-B786-38CB-B836-257BB9279DEA}.Debug|Win32.Build.0 = Debug|Win32
		{ADC3E9E9-B786-38CB-B836-257BB9279DEA}.Release|Win32.ActiveCfg = Release|Win32
		{ADC3E9E9-B786-38CB-B836-257BB9279DEA}.Release|Win32.Build.0 = Release|Win32
		{ADC3E9E9-B786-38CB-B836-257BB9279DEA}.MinSizeRel|Win32.ActiveCfg = MinSizeRel|Win32
		{ADC3E9E9-B786-38CB-B836-257BB9279DEA}.MinSizeRel|Win32.Build.0 = MinSizeRel|Win32
		{ADC3E9E9-B786-38CB-B836-257BB9279DEA}.RelWithDebInfo|Win32.ActiveCfg = RelWithDebInfo|Win32
		{ADC3E9E9-B786-38CB-B836-257BB9279DEA}.RelWithDebInfo|Win32.Build.0 = RelWithDebInfo|Win32
		{D05185D8-96A8-3FDA-85F1-888DC3BF38C1}.Debug|Win32.ActiveCfg = Debug|Win32
		{D05185D8-96A8-3FDA-85F1-888DC3BF38C1}.Debug|Win32.Build.0 = Debug|Win32
		{D05185D8-96A8-3FDA-85F1-888DC3BF38C1}.Release|Win32.ActiveCfg = Release|Win32
		{D05185D8-96A8-3FDA-85F1-888DC3BF38C1}.Release|Win32.Build.0 = Release|Win32
		{D05185D8-96A8-3FDA-85F1-888DC3BF38C1}.MinSizeRel|Win32.ActiveCfg = MinSizeRel|Win32
		{D05185D8-96A8-3FDA-85F1-888DC3BF38C1}.MinSizeRel|Win32.Build.0 = MinSizeRel|Win32
		{D05185D8-96A8-3FDA-85F1-888DC3BF38C1}.RelWithDebInfo|Win32.ActiveCfg = RelWithDebInfo|Win32
		{D05185D8-96A8-3FDA-85F1-888DC3BF38C1}.RelWithDebInfo|Win32.Build.0 = RelWithDebInfo|Win32
		{93DC0BA8-3251-33ED-872B-84D57349A1E1}.Debug|Win32.ActiveCfg = Debug|Win32
		{93DC0BA8-3251-33ED-872B-84D57349A1E1}.Debug|Win32.Build.0 = Debug|Win32
		{93DC0BA8-3251-33ED-872B-84D57349A1E1}.Release|Win32.ActiveCfg = Release|Win32
		{93DC0BA8-3251-33ED-872B-84D57349A1E1}.Release|Win32.Build.0 = Release|Win32
		{93DC0BA8-3251-33ED-872B-84D57349A1E1}.MinSizeRel|Win32.ActiveCfg = MinSizeRel|Win32
		{93DC0BA8-3251-33ED-872B-84D57349A1E1}.MinSizeRel|Win32.Build.0 = MinSizeRel|Win32
		{93DC0BA8-3251-33ED-872B-84D57349A1E1}.RelWithDebInfo|Win32.ActiveCfg = RelWithDebInfo|Win32
		{93DC0BA8-3251-33ED-872B-84D57349A1E1}.RelWithDebInfo|Win32.Build.0 = RelWithDebInfo|Win32
	EndGlobalSection
	GlobalSection(ExtensibilityGlobals) = postSolution
		SolutionGuid = {BCA01B33-F326-30E5-BD6D-116BD4E30963}
	EndGlobalSection
	GlobalSection(ExtensibilityAddIns) = postSolution
	EndGlobalSection
EndGlobal
