<?xml version="1.0" encoding="utf-8"?>
<Project ToolsVersion="15.0" xmlns="http://schemas.microsoft.com/developer/msbuild/2003">
  <ItemGroup>
    <CustomBuild Include="C:\Development\op3d_active\nvidia-texture-tools-2.1.1\msvc\CMakeFiles\b031b41020be11ec753b6d082aab3068\INSTALL_force.rule">
      <Filter>CMake Rules</Filter>
    </CustomBuild>
  </ItemGroup>
  <ItemGroup>
    <Filter Include="CMake Rules">
      <UniqueIdentifier>{BC78164A-1F69-382F-B792-55AB24A0CB9D}</UniqueIdentifier>
    </Filter>
  </ItemGroup>
</Project>
